{
  "name": "website",
  "version": "1.0.0",
  "lockfileVersion": 2,
  "requires": true,
  "packages": {
    "": {
      "name": "website",
      "version": "1.0.0",
      "license": "ISC",
      "dependencies": {
        "gsap": "^3.11.5",
        "mouse-follower": "^1.1.2"
      }
    },
    "node_modules/gsap": {
      "version": "3.11.5",
      "resolved": "https://registry.npmjs.org/gsap/-/gsap-3.11.5.tgz",
      "integrity": "sha512-Q89nKCLgoX5xUjznh9LcaIUkz54k1voNucT1Rpf9SJNFIQznBwFqt5qUUQbeVInFyN/n18OUJkpeI6CNEDt74w=="
    },
    "node_modules/mouse-follower": {
      "version": "1.1.2",
      "resolved": "https://registry.npmjs.org/mouse-follower/-/mouse-follower-1.1.2.tgz",
      "integrity": "sha512-Wa/3MKMNWW1qy7XuG34NMRAm504p0PckJU4yTyXCoNYFaaIcZi+bpnTg0L2u8QuGBYgs2ue84wGCPIaQQzRV3Q=="
    }
  },
  "dependencies": {
    "gsap": {
      "version": "3.11.5",
      "resolved": "https://registry.npmjs.org/gsap/-/gsap-3.11.5.tgz",
      "integrity": "sha512-Q89nKCLgoX5xUjznh9LcaIUkz54k1voNucT1Rpf9SJNFIQznBwFqt5qUUQbeVInFyN/n18OUJkpeI6CNEDt74w=="
    },
    "mouse-follower": {
      "version": "1.1.2",
      "resolved": "https://registry.npmjs.org/mouse-follower/-/mouse-follower-1.1.2.tgz",
      "integrity": "sha512-Wa/3MKMNWW1qy7XuG34NMRAm504p0PckJU4yTyXCoNYFaaIcZi+bpnTg0L2u8QuGBYgs2ue84wGCPIaQQzRV3Q=="
    }
  }
}
